// !$*UTF8*$!
{
	archiveVersion = 1;
	classes = {
	};
	objectVersion = 48;
	objects = {

/* Begin PBXBuildFile section */
		D81E0A901F7F779A00E76EFB /* RSSelectionMenuSearchDelegate.swift in Sources */ = {isa = PBXBuildFile; fileRef = D81E0A8F1F7F779A00E76EFB /* RSSelectionMenuSearchDelegate.swift */; };
		D81E0A921F7F79A800E76EFB /* Constants.swift in Sources */ = {isa = PBXBuildFile; fileRef = D81E0A911F7F79A800E76EFB /* Constants.swift */; };
		D850A57A1F850CF500BF5805 /* NSObject+Properties.m in Sources */ = {isa = PBXBuildFile; fileRef = D850A5781F850CF500BF5805 /* NSObject+Properties.m */; };
		D8DB48F61F7E9FC0006F2DDC /* AppDelegate.swift in Sources */ = {isa = PBXBuildFile; fileRef = D8DB48F51F7E9FC0006F2DDC /* AppDelegate.swift */; };
		D8DB48F81F7E9FC0006F2DDC /* ViewController.swift in Sources */ = {isa = PBXBuildFile; fileRef = D8DB48F71F7E9FC0006F2DDC /* ViewController.swift */; };
		D8DB48FB1F7E9FC0006F2DDC /* Main.storyboard in Resources */ = {isa = PBXBuildFile; fileRef = D8DB48F91F7E9FC0006F2DDC /* Main.storyboard */; };
		D8DB48FD1F7E9FC0006F2DDC /* Assets.xcassets in Resources */ = {isa = PBXBuildFile; fileRef = D8DB48FC1F7E9FC0006F2DDC /* Assets.xcassets */; };
		D8DB49001F7E9FC0006F2DDC /* LaunchScreen.storyboard in Resources */ = {isa = PBXBuildFile; fileRef = D8DB48FE1F7E9FC0006F2DDC /* LaunchScreen.storyboard */; };
		D8DB49091F7EA00D006F2DDC /* RSSelectionMenuController.swift in Sources */ = {isa = PBXBuildFile; fileRef = D8DB49081F7EA00D006F2DDC /* RSSelectionMenuController.swift */; };
		D8DB490E1F7EA048006F2DDC /* RSSelectionMenuExtensions.swift in Sources */ = {isa = PBXBuildFile; fileRef = D8DB490D1F7EA048006F2DDC /* RSSelectionMenuExtensions.swift */; };
		D8DB49101F7EA066006F2DDC /* RSSelectionMenuDataSource.swift in Sources */ = {isa = PBXBuildFile; fileRef = D8DB490F1F7EA066006F2DDC /* RSSelectionMenuDataSource.swift */; };
		D8DB49141F7EA758006F2DDC /* RSSelectionMenu.storyboard in Resources */ = {isa = PBXBuildFile; fileRef = D8DB49131F7EA758006F2DDC /* RSSelectionMenu.storyboard */; };
		D8DB49161F7EB8AF006F2DDC /* RSSelectionMenuDelegate.swift in Sources */ = {isa = PBXBuildFile; fileRef = D8DB49151F7EB8AF006F2DDC /* RSSelectionMenuDelegate.swift */; };
		D8DB49181F7ECBE8006F2DDC /* NSObjectExtension.swift in Sources */ = {isa = PBXBuildFile; fileRef = D8DB49171F7ECBE8006F2DDC /* NSObjectExtension.swift */; };
/* End PBXBuildFile section */

/* Begin PBXFileReference section */
		D81E0A8F1F7F779A00E76EFB /* RSSelectionMenuSearchDelegate.swift */ = {isa = PBXFileReference; lastKnownFileType = sourcecode.swift; path = RSSelectionMenuSearchDelegate.swift; sourceTree = "<group>"; };
		D81E0A911F7F79A800E76EFB /* Constants.swift */ = {isa = PBXFileReference; lastKnownFileType = sourcecode.swift; path = Constants.swift; sourceTree = "<group>"; };
		D850A5771F850CF400BF5805 /* RSSelectionMenu-Bridging-Header.h */ = {isa = PBXFileReference; lastKnownFileType = sourcecode.c.h; path = "RSSelectionMenu-Bridging-Header.h"; sourceTree = "<group>"; };
		D850A5781F850CF500BF5805 /* NSObject+Properties.m */ = {isa = PBXFileReference; lastKnownFileType = sourcecode.c.objc; path = "NSObject+Properties.m"; sourceTree = "<group>"; };
		D850A5791F850CF500BF5805 /* NSObject+Properties.h */ = {isa = PBXFileReference; lastKnownFileType = sourcecode.c.h; path = "NSObject+Properties.h"; sourceTree = "<group>"; };
		D8DB48F21F7E9FC0006F2DDC /* RSSelectionMenu.app */ = {isa = PBXFileReference; explicitFileType = wrapper.application; includeInIndex = 0; path = RSSelectionMenu.app; sourceTree = BUILT_PRODUCTS_DIR; };
		D8DB48F51F7E9FC0006F2DDC /* AppDelegate.swift */ = {isa = PBXFileReference; lastKnownFileType = sourcecode.swift; path = AppDelegate.swift; sourceTree = "<group>"; };
		D8DB48F71F7E9FC0006F2DDC /* ViewController.swift */ = {isa = PBXFileReference; lastKnownFileType = sourcecode.swift; path = ViewController.swift; sourceTree = "<group>"; };
		D8DB48FA1F7E9FC0006F2DDC /* Base */ = {isa = PBXFileReference; lastKnownFileType = file.storyboard; name = Base; path = Base.lproj/Main.storyboard; sourceTree = "<group>"; };
		D8DB48FC1F7E9FC0006F2DDC /* Assets.xcassets */ = {isa = PBXFileReference; lastKnownFileType = folder.assetcatalog; path = Assets.xcassets; sourceTree = "<group>"; };
		D8DB48FF1F7E9FC0006F2DDC /* Base */ = {isa = PBXFileReference; lastKnownFileType = file.storyboard; name = Base; path = Base.lproj/LaunchScreen.storyboard; sourceTree = "<group>"; };
		D8DB49011F7E9FC0006F2DDC /* Info.plist */ = {isa = PBXFileReference; lastKnownFileType = text.plist.xml; path = Info.plist; sourceTree = "<group>"; };
		D8DB49081F7EA00D006F2DDC /* RSSelectionMenuController.swift */ = {isa = PBXFileReference; lastKnownFileType = sourcecode.swift; path = RSSelectionMenuController.swift; sourceTree = "<group>"; };
		D8DB490D1F7EA048006F2DDC /* RSSelectionMenuExtensions.swift */ = {isa = PBXFileReference; fileEncoding = 4; lastKnownFileType = sourcecode.swift; path = RSSelectionMenuExtensions.swift; sourceTree = "<group>"; };
		D8DB490F1F7EA066006F2DDC /* RSSelectionMenuDataSource.swift */ = {isa = PBXFileReference; lastKnownFileType = sourcecode.swift; path = RSSelectionMenuDataSource.swift; sourceTree = "<group>"; };
		D8DB49131F7EA758006F2DDC /* RSSelectionMenu.storyboard */ = {isa = PBXFileReference; lastKnownFileType = file.storyboard; path = RSSelectionMenu.storyboard; sourceTree = "<group>"; };
		D8DB49151F7EB8AF006F2DDC /* RSSelectionMenuDelegate.swift */ = {isa = PBXFileReference; lastKnownFileType = sourcecode.swift; path = RSSelectionMenuDelegate.swift; sourceTree = "<group>"; };
		D8DB49171F7ECBE8006F2DDC /* NSObjectExtension.swift */ = {isa = PBXFileReference; lastKnownFileType = sourcecode.swift; path = NSObjectExtension.swift; sourceTree = "<group>"; };
/* End PBXFileReference section */

/* Begin PBXFrameworksBuildPhase section */
		D8DB48EF1F7E9FC0006F2DDC /* Frameworks */ = {
			isa = PBXFrameworksBuildPhase;
			buildActionMask = 2147483647;
			files = (
			);
			runOnlyForDeploymentPostprocessing = 0;
		};
/* End PBXFrameworksBuildPhase section */

/* Begin PBXGroup section */
		D8DB48E91F7E9FC0006F2DDC = {
			isa = PBXGroup;
			children = (
				D8DB48F41F7E9FC0006F2DDC /* RSSelectionMenu */,
				D8DB48F31F7E9FC0006F2DDC /* Products */,
			);
			sourceTree = "<group>";
		};
		D8DB48F31F7E9FC0006F2DDC /* Products */ = {
			isa = PBXGroup;
			children = (
				D8DB48F21F7E9FC0006F2DDC /* RSSelectionMenu.app */,
			);
			name = Products;
			sourceTree = "<group>";
		};
		D8DB48F41F7E9FC0006F2DDC /* RSSelectionMenu */ = {
			isa = PBXGroup;
			children = (
				D850A5771F850CF400BF5805 /* RSSelectionMenu-Bridging-Header.h */,
				D8DB49071F7E9FE7006F2DDC /* Classes */,
				D8DB48F51F7E9FC0006F2DDC /* AppDelegate.swift */,
				D8DB48F71F7E9FC0006F2DDC /* ViewController.swift */,
				D8DB48F91F7E9FC0006F2DDC /* Main.storyboard */,
				D8DB48FC1F7E9FC0006F2DDC /* Assets.xcassets */,
				D8DB48FE1F7E9FC0006F2DDC /* LaunchScreen.storyboard */,
				D8DB49011F7E9FC0006F2DDC /* Info.plist */,
			);
			path = RSSelectionMenu;
			sourceTree = "<group>";
		};
		D8DB49071F7E9FE7006F2DDC /* Classes */ = {
			isa = PBXGroup;
			children = (
				D8DB49121F7EA728006F2DDC /* Resources */,
				D8DB49111F7EA71B006F2DDC /* Source */,
				D8DB490C1F7EA048006F2DDC /* Utilities */,
			);
			path = Classes;
			sourceTree = "<group>";
		};
		D8DB490C1F7EA048006F2DDC /* Utilities */ = {
			isa = PBXGroup;
			children = (
				D81E0A911F7F79A800E76EFB /* Constants.swift */,
				D8DB490D1F7EA048006F2DDC /* RSSelectionMenuExtensions.swift */,
				D8DB49171F7ECBE8006F2DDC /* NSObjectExtension.swift */,
				D850A5791F850CF500BF5805 /* NSObject+Properties.h */,
				D850A5781F850CF500BF5805 /* NSObject+Properties.m */,
			);
			path = Utilities;
			sourceTree = "<group>";
		};
		D8DB49111F7EA71B006F2DDC /* Source */ = {
			isa = PBXGroup;
			children = (
				D8DB490F1F7EA066006F2DDC /* RSSelectionMenuDataSource.swift */,
				D8DB49151F7EB8AF006F2DDC /* RSSelectionMenuDelegate.swift */,
				D81E0A8F1F7F779A00E76EFB /* RSSelectionMenuSearchDelegate.swift */,
				D8DB49081F7EA00D006F2DDC /* RSSelectionMenuController.swift */,
			);
			path = Source;
			sourceTree = "<group>";
		};
		D8DB49121F7EA728006F2DDC /* Resources */ = {
			isa = PBXGroup;
			children = (
				D8DB49131F7EA758006F2DDC /* RSSelectionMenu.storyboard */,
			);
			path = Resources;
			sourceTree = "<group>";
		};
/* End PBXGroup section */

/* Begin PBXNativeTarget section */
		D8DB48F11F7E9FC0006F2DDC /* RSSelectionMenu */ = {
			isa = PBXNativeTarget;
			buildConfigurationList = D8DB49041F7E9FC0006F2DDC /* Build configuration list for PBXNativeTarget "RSSelectionMenu" */;
			buildPhases = (
				D8DB48EE1F7E9FC0006F2DDC /* Sources */,
				D8DB48EF1F7E9FC0006F2DDC /* Frameworks */,
				D8DB48F01F7E9FC0006F2DDC /* Resources */,
			);
			buildRules = (
			);
			dependencies = (
			);
			name = RSSelectionMenu;
			productName = RSSelectionMenu;
			productReference = D8DB48F21F7E9FC0006F2DDC /* RSSelectionMenu.app */;
			productType = "com.apple.product-type.application";
		};
/* End PBXNativeTarget section */

/* Begin PBXProject section */
		D8DB48EA1F7E9FC0006F2DDC /* Project object */ = {
			isa = PBXProject;
			attributes = {
				LastSwiftUpdateCheck = 0900;
				LastUpgradeCheck = 0900;
				ORGANIZATIONNAME = "Rushi Sangani";
				TargetAttributes = {
					D8DB48F11F7E9FC0006F2DDC = {
						CreatedOnToolsVersion = 9.0;
						LastSwiftMigration = 0900;
						ProvisioningStyle = Automatic;
					};
				};
			};
			buildConfigurationList = D8DB48ED1F7E9FC0006F2DDC /* Build configuration list for PBXProject "RSSelectionMenu" */;
			compatibilityVersion = "Xcode 8.0";
			developmentRegion = en;
			hasScannedForEncodings = 0;
			knownRegions = (
				en,
				Base,
			);
			mainGroup = D8DB48E91F7E9FC0006F2DDC;
			productRefGroup = D8DB48F31F7E9FC0006F2DDC /* Products */;
			projectDirPath = "";
			projectRoot = "";
			targets = (
				D8DB48F11F7E9FC0006F2DDC /* RSSelectionMenu */,
			);
		};
/* End PBXProject section */

/* Begin PBXResourcesBuildPhase section */
		D8DB48F01F7E9FC0006F2DDC /* Resources */ = {
			isa = PBXResourcesBuildPhase;
			buildActionMask = 2147483647;
			files = (
				D8DB49001F7E9FC0006F2DDC /* LaunchScreen.storyboard in Resources */,
				D8DB49141F7EA758006F2DDC /* RSSelectionMenu.storyboard in Resources */,
				D8DB48FD1F7E9FC0006F2DDC /* Assets.xcassets in Resources */,
				D8DB48FB1F7E9FC0006F2DDC /* Main.storyboard in Resources */,
			);
			runOnlyForDeploymentPostprocessing = 0;
		};
/* End PBXResourcesBuildPhase section */

/* Begin PBXSourcesBuildPhase section */
		D8DB48EE1F7E9FC0006F2DDC /* Sources */ = {
			isa = PBXSourcesBuildPhase;
			buildActionMask = 2147483647;
			files = (
				D8DB49181F7ECBE8006F2DDC /* NSObjectExtension.swift in Sources */,
				D8DB49091F7EA00D006F2DDC /* RSSelectionMenuController.swift in Sources */,
				D850A57A1F850CF500BF5805 /* NSObject+Properties.m in Sources */,
				D8DB48F81F7E9FC0006F2DDC /* ViewController.swift in Sources */,
				D8DB490E1F7EA048006F2DDC /* RSSelectionMenuExtensions.swift in Sources */,
				D8DB49161F7EB8AF006F2DDC /* RSSelectionMenuDelegate.swift in Sources */,
				D8DB49101F7EA066006F2DDC /* RSSelectionMenuDataSource.swift in Sources */,
				D8DB48F61F7E9FC0006F2DDC /* AppDelegate.swift in Sources */,
				D81E0A901F7F779A00E76EFB /* RSSelectionMenuSearchDelegate.swift in Sources */,
				D81E0A921F7F79A800E76EFB /* Constants.swift in Sources */,
			);
			runOnlyForDeploymentPostprocessing = 0;
		};
/* End PBXSourcesBuildPhase section */

/* Begin PBXVariantGroup section */
		D8DB48F91F7E9FC0006F2DDC /* Main.storyboard */ = {
			isa = PBXVariantGroup;
			children = (
				D8DB48FA1F7E9FC0006F2DDC /* Base */,
			);
			name = Main.storyboard;
			sourceTree = "<group>";
		};
		D8DB48FE1F7E9FC0006F2DDC /* LaunchScreen.storyboard */ = {
			isa = PBXVariantGroup;
			children = (
				D8DB48FF1F7E9FC0006F2DDC /* Base */,
			);
			name = LaunchScreen.storyboard;
			sourceTree = "<group>";
		};
/* End PBXVariantGroup section */

/* Begin XCBuildConfiguration section */
		D8DB49021F7E9FC0006F2DDC /* Debug */ = {
			isa = XCBuildConfiguration;
			buildSettings = {
				ALWAYS_SEARCH_USER_PATHS = NO;
				CLANG_ANALYZER_NONNULL = YES;
				CLANG_ANALYZER_NUMBER_OBJECT_CONVERSION = YES_AGGRESSIVE;
				CLANG_CXX_LANGUAGE_STANDARD = "gnu++14";
				CLANG_CXX_LIBRARY = "libc++";
				CLANG_ENABLE_MODULES = YES;
				CLANG_ENABLE_OBJC_ARC = YES;
				CLANG_WARN_BLOCK_CAPTURE_AUTORELEASING = YES;
				CLANG_WARN_BOOL_CONVERSION = YES;
				CLANG_WARN_COMMA = YES;
				CLANG_WARN_CONSTANT_CONVERSION = YES;
				CLANG_WARN_DIRECT_OBJC_ISA_USAGE = YES_ERROR;
				CLANG_WARN_DOCUMENTATION_COMMENTS = YES;
				CLANG_WARN_EMPTY_BODY = YES;
				CLANG_WARN_ENUM_CONVERSION = YES;
				CLANG_WARN_INFINITE_RECURSION = YES;
				CLANG_WARN_INT_CONVERSION = YES;
				CLANG_WARN_NON_LITERAL_NULL_CONVERSION = YES;
				CLANG_WARN_OBJC_LITERAL_CONVERSION = YES;
				CLANG_WARN_OBJC_ROOT_CLASS = YES_ERROR;
				CLANG_WARN_RANGE_LOOP_ANALYSIS = YES;
				CLANG_WARN_STRICT_PROTOTYPES = YES;
				CLANG_WARN_SUSPICIOUS_MOVE = YES;
				CLANG_WARN_UNGUARDED_AVAILABILITY = YES_AGGRESSIVE;
				CLANG_WARN_UNREACHABLE_CODE = YES;
				CLANG_WARN__DUPLICATE_METHOD_MATCH = YES;
				CODE_SIGN_IDENTITY = "iPhone Developer";
				COPY_PHASE_STRIP = NO;
				DEBUG_INFORMATION_FORMAT = dwarf;
				ENABLE_STRICT_OBJC_MSGSEND = YES;
				ENABLE_TESTABILITY = YES;
				GCC_C_LANGUAGE_STANDARD = gnu11;
				GCC_DYNAMIC_NO_PIC = NO;
				GCC_NO_COMMON_BLOCKS = YES;
				GCC_OPTIMIZATION_LEVEL = 0;
				GCC_PREPROCESSOR_DEFINITIONS = (
					"DEBUG=1",
					"$(inherited)",
				);
				GCC_WARN_64_TO_32_BIT_CONVERSION = YES;
				GCC_WARN_ABOUT_RETURN_TYPE = YES_ERROR;
				GCC_WARN_UNDECLARED_SELECTOR = YES;
				GCC_WARN_UNINITIALIZED_AUTOS = YES_AGGRESSIVE;
				GCC_WARN_UNUSED_FUNCTION = YES;
				GCC_WARN_UNUSED_VARIABLE = YES;
				IPHONEOS_DEPLOYMENT_TARGET = 11.0;
				MTL_ENABLE_DEBUG_INFO = YES;
				ONLY_ACTIVE_ARCH = YES;
				SDKROOT = iphoneos;
				SWIFT_ACTIVE_COMPILATION_CONDITIONS = DEBUG;
				SWIFT_OPTIMIZATION_LEVEL = "-Onone";
			};
			name = Debug;
		};
		D8DB49031F7E9FC0006F2DDC /* Release */ = {
			isa = XCBuildConfiguration;
			buildSettings = {
				ALWAYS_SEARCH_USER_PATHS = NO;
				CLANG_ANALYZER_NONNULL = YES;
				CLANG_ANALYZER_NUMBER_OBJECT_CONVERSION = YES_AGGRESSIVE;
				CLANG_CXX_LANGUAGE_STANDARD = "gnu++14";
				CLANG_CXX_LIBRARY = "libc++";
				CLANG_ENABLE_MODULES = YES;
				CLANG_ENABLE_OBJC_ARC = YES;
				CLANG_WARN_BLOCK_CAPTURE_AUTORELEASING = YES;
				CLANG_WARN_BOOL_CONVERSION = YES;
				CLANG_WARN_COMMA = YES;
				CLANG_WARN_CONSTANT_CONVERSION = YES;
				CLANG_WARN_DIRECT_OBJC_ISA_USAGE = YES_ERROR;
				CLANG_WARN_DOCUMENTATION_COMMENTS = YES;
				CLANG_WARN_EMPTY_BODY = YES;
				CLANG_WARN_ENUM_CONVERSION = YES;
				CLANG_WARN_INFINITE_RECURSION = YES;
				CLANG_WARN_INT_CONVERSION = YES;
				CLANG_WARN_NON_LITERAL_NULL_CONVERSION = YES;
				CLANG_WARN_OBJC_LITERAL_CONVERSION = YES;
				CLANG_WARN_OBJC_ROOT_CLASS = YES_ERROR;
				CLANG_WARN_RANGE_LOOP_ANALYSIS = YES;
				CLANG_WARN_STRICT_PROTOTYPES = YES;
				CLANG_WARN_SUSPICIOUS_MOVE = YES;
				CLANG_WARN_UNGUARDED_AVAILABILITY = YES_AGGRESSIVE;
				CLANG_WARN_UNREACHABLE_CODE = YES;
				CLANG_WARN__DUPLICATE_METHOD_MATCH = YES;
				CODE_SIGN_IDENTITY = "iPhone Developer";
				COPY_PHASE_STRIP = NO;
				DEBUG_INFORMATION_FORMAT = "dwarf-with-dsym";
				ENABLE_NS_ASSERTIONS = NO;
				ENABLE_STRICT_OBJC_MSGSEND = YES;
				GCC_C_LANGUAGE_STANDARD = gnu11;
				GCC_NO_COMMON_BLOCKS = YES;
				GCC_WARN_64_TO_32_BIT_CONVERSION = YES;
				GCC_WARN_ABOUT_RETURN_TYPE = YES_ERROR;
				GCC_WARN_UNDECLARED_SELECTOR = YES;
				GCC_WARN_UNINITIALIZED_AUTOS = YES_AGGRESSIVE;
				GCC_WARN_UNUSED_FUNCTION = YES;
				GCC_WARN_UNUSED_VARIABLE = YES;
				IPHONEOS_DEPLOYMENT_TARGET = 11.0;
				MTL_ENABLE_DEBUG_INFO = NO;
				SDKROOT = iphoneos;
				SWIFT_OPTIMIZATION_LEVEL = "-Owholemodule";
				VALIDATE_PRODUCT = YES;
			};
			name = Release;
		};
		D8DB49051F7E9FC0006F2DDC /* Debug */ = {
			isa = XCBuildConfiguration;
			buildSettings = {
				ASSETCATALOG_COMPILER_APPICON_NAME = AppIcon;
				CLANG_ENABLE_MODULES = YES;
				CODE_SIGN_STYLE = Automatic;
				DEVELOPMENT_TEAM = RQ9BPQCP49;
				INFOPLIST_FILE = RSSelectionMenu/Info.plist;
				LD_RUNPATH_SEARCH_PATHS = "$(inherited) @executable_path/Frameworks";
				PRODUCT_BUNDLE_IDENTIFIER = com.meditab.RSSelectionMenu;
				PRODUCT_NAME = "$(TARGET_NAME)";
				SWIFT_OBJC_BRIDGING_HEADER = "RSSelectionMenu/RSSelectionMenu-Bridging-Header.h";
				SWIFT_OPTIMIZATION_LEVEL = "-Onone";
				SWIFT_VERSION = 4.0;
				TARGETED_DEVICE_FAMILY = "1,2";
			};
			name = Debug;
		};
		D8DB49061F7E9FC0006F2DDC /* Release */ = {
			isa = XCBuildConfiguration;
			buildSettings = {
				ASSETCATALOG_COMPILER_APPICON_NAME = AppIcon;
				CLANG_ENABLE_MODULES = YES;
				CODE_SIGN_STYLE = Automatic;
				DEVELOPMENT_TEAM = RQ9BPQCP49;
				INFOPLIST_FILE = RSSelectionMenu/Info.plist;
				LD_RUNPATH_SEARCH_PATHS = "$(inherited) @executable_path/Frameworks";
				PRODUCT_BUNDLE_IDENTIFIER = com.meditab.RSSelectionMenu;
				PRODUCT_NAME = "$(TARGET_NAME)";
				SWIFT_OBJC_BRIDGING_HEADER = "RSSelectionMenu/RSSelectionMenu-Bridging-Header.h";
				SWIFT_VERSION = 4.0;
				TARGETED_DEVICE_FAMILY = "1,2";
			};
			name = Release;
		};
/* End XCBuildConfiguration section */

/* Begin XCConfigurationList section */
		D8DB48ED1F7E9FC0006F2DDC /* Build configuration list for PBXProject "RSSelectionMenu" */ = {
			isa = XCConfigurationList;
			buildConfigurations = (
				D8DB49021F7E9FC0006F2DDC /* Debug */,
				D8DB49031F7E9FC0006F2DDC /* Release */,
			);
			defaultConfigurationIsVisible = 0;
			defaultConfigurationName = Release;
		};
		D8DB49041F7E9FC0006F2DDC /* Build configuration list for PBXNativeTarget "RSSelectionMenu" */ = {
			isa = XCConfigurationList;
			buildConfigurations = (
				D8DB49051F7E9FC0006F2DDC /* Debug */,
				D8DB49061F7E9FC0006F2DDC /* Release */,
			);
			defaultConfigurationIsVisible = 0;
			defaultConfigurationName = Release;
		};
/* End XCConfigurationList section */
	};
	rootObject = D8DB48EA1F7E9FC0006F2DDC /* Project object */;
}
