// !$*UTF8*$!
{
	archiveVersion = 1;
	classes = {
	};
	objectVersion = 46;
	objects = {

/* Begin PBXBuildFile section */
		A2A84AEF1F951E8400C579A2 /* AppDelegate.swift in Sources */ = {isa = PBXBuildFile; fileRef = A2A84AEE1F951E8400C579A2 /* AppDelegate.swift */; };
		A2A84AF11F951E8400C579A2 /* ViewController.swift in Sources */ = {isa = PBXBuildFile; fileRef = A2A84AF01F951E8400C579A2 /* ViewController.swift */; };
		A2A84AF41F951E8400C579A2 /* Main.storyboard in Resources */ = {isa = PBXBuildFile; fileRef = A2A84AF21F951E8400C579A2 /* Main.storyboard */; };
		A2A84AF61F951E8400C579A2 /* Assets.xcassets in Resources */ = {isa = PBXBuildFile; fileRef = A2A84AF51F951E8400C579A2 /* Assets.xcassets */; };
		A2A84AF91F951E8400C579A2 /* LaunchScreen.storyboard in Resources */ = {isa = PBXBuildFile; fileRef = A2A84AF71F951E8400C579A2 /* LaunchScreen.storyboard */; };
		A2A84B111F95202500C579A2 /* CustomTableViewCell.swift in Sources */ = {isa = PBXBuildFile; fileRef = A2A84B0D1F95202500C579A2 /* CustomTableViewCell.swift */; };
		A2A84B121F95202500C579A2 /* CustomTableViewCell.xib in Resources */ = {isa = PBXBuildFile; fileRef = A2A84B0E1F95202500C579A2 /* CustomTableViewCell.xib */; };
		A2A84B131F95202500C579A2 /* Person.swift in Sources */ = {isa = PBXBuildFile; fileRef = A2A84B101F95202500C579A2 /* Person.swift */; };
		A2DD329B1F952240007C5217 /* RSSelectionMenu.framework in Frameworks */ = {isa = PBXBuildFile; fileRef = A2DD329A1F952240007C5217 /* RSSelectionMenu.framework */; };
		A2DD329C1F952240007C5217 /* RSSelectionMenu.framework in Embed Frameworks */ = {isa = PBXBuildFile; fileRef = A2DD329A1F952240007C5217 /* RSSelectionMenu.framework */; settings = {ATTRIBUTES = (CodeSignOnCopy, RemoveHeadersOnCopy, ); }; };
/* End PBXBuildFile section */

/* Begin PBXCopyFilesBuildPhase section */
		A2A84B031F951F6500C579A2 /* Embed Frameworks */ = {
			isa = PBXCopyFilesBuildPhase;
			buildActionMask = 2147483647;
			dstPath = "";
			dstSubfolderSpec = 10;
			files = (
				A2DD329C1F952240007C5217 /* RSSelectionMenu.framework in Embed Frameworks */,
			);
			name = "Embed Frameworks";
			runOnlyForDeploymentPostprocessing = 0;
		};
/* End PBXCopyFilesBuildPhase section */

/* Begin PBXFileReference section */
		A2A84AEB1F951E8400C579A2 /* RSSelectionMenuExample.app */ = {isa = PBXFileReference; explicitFileType = wrapper.application; includeInIndex = 0; path = RSSelectionMenuExample.app; sourceTree = BUILT_PRODUCTS_DIR; };
		A2A84AEE1F951E8400C579A2 /* AppDelegate.swift */ = {isa = PBXFileReference; lastKnownFileType = sourcecode.swift; path = AppDelegate.swift; sourceTree = "<group>"; };
		A2A84AF01F951E8400C579A2 /* ViewController.swift */ = {isa = PBXFileReference; lastKnownFileType = sourcecode.swift; path = ViewController.swift; sourceTree = "<group>"; };
		A2A84AF31F951E8400C579A2 /* Base */ = {isa = PBXFileReference; lastKnownFileType = file.storyboard; name = Base; path = Base.lproj/Main.storyboard; sourceTree = "<group>"; };
		A2A84AF51F951E8400C579A2 /* Assets.xcassets */ = {isa = PBXFileReference; lastKnownFileType = folder.assetcatalog; path = Assets.xcassets; sourceTree = "<group>"; };
		A2A84AF81F951E8400C579A2 /* Base */ = {isa = PBXFileReference; lastKnownFileType = file.storyboard; name = Base; path = Base.lproj/LaunchScreen.storyboard; sourceTree = "<group>"; };
		A2A84AFA1F951E8400C579A2 /* Info.plist */ = {isa = PBXFileReference; lastKnownFileType = text.plist.xml; path = Info.plist; sourceTree = "<group>"; };
		A2A84B0D1F95202500C579A2 /* CustomTableViewCell.swift */ = {isa = PBXFileReference; fileEncoding = 4; lastKnownFileType = sourcecode.swift; path = CustomTableViewCell.swift; sourceTree = "<group>"; };
		A2A84B0E1F95202500C579A2 /* CustomTableViewCell.xib */ = {isa = PBXFileReference; fileEncoding = 4; lastKnownFileType = file.xib; path = CustomTableViewCell.xib; sourceTree = "<group>"; };
		A2A84B101F95202500C579A2 /* Person.swift */ = {isa = PBXFileReference; fileEncoding = 4; lastKnownFileType = sourcecode.swift; path = Person.swift; sourceTree = "<group>"; };
		A2DD329A1F952240007C5217 /* RSSelectionMenu.framework */ = {isa = PBXFileReference; explicitFileType = wrapper.framework; path = RSSelectionMenu.framework; sourceTree = BUILT_PRODUCTS_DIR; };
/* End PBXFileReference section */

/* Begin PBXFrameworksBuildPhase section */
		A2A84AE81F951E8400C579A2 /* Frameworks */ = {
			isa = PBXFrameworksBuildPhase;
			buildActionMask = 2147483647;
			files = (
				A2DD329B1F952240007C5217 /* RSSelectionMenu.framework in Frameworks */,
			);
			runOnlyForDeploymentPostprocessing = 0;
		};
/* End PBXFrameworksBuildPhase section */

/* Begin PBXGroup section */
		A2A84AE21F951E8400C579A2 = {
			isa = PBXGroup;
			children = (
				A2DD329A1F952240007C5217 /* RSSelectionMenu.framework */,
				A2A84AED1F951E8400C579A2 /* RSSelectionMenuExample */,
				A2A84AEC1F951E8400C579A2 /* Products */,
			);
			sourceTree = "<group>";
		};
		A2A84AEC1F951E8400C579A2 /* Products */ = {
			isa = PBXGroup;
			children = (
				A2A84AEB1F951E8400C579A2 /* RSSelectionMenuExample.app */,
			);
			name = Products;
			sourceTree = "<group>";
		};
		A2A84AED1F951E8400C579A2 /* RSSelectionMenuExample */ = {
			isa = PBXGroup;
			children = (
				A2A84B0C1F95202500C579A2 /* CustomCell */,
				A2A84B0F1F95202500C579A2 /* Models */,
				A2A84AEE1F951E8400C579A2 /* AppDelegate.swift */,
				A2A84AF01F951E8400C579A2 /* ViewController.swift */,
				A2A84AF21F951E8400C579A2 /* Main.storyboard */,
				A2A84AF51F951E8400C579A2 /* Assets.xcassets */,
				A2A84AF71F951E8400C579A2 /* LaunchScreen.storyboard */,
				A2A84AFA1F951E8400C579A2 /* Info.plist */,
			);
			path = RSSelectionMenuExample;
			sourceTree = "<group>";
		};
		A2A84B0C1F95202500C579A2 /* CustomCell */ = {
			isa = PBXGroup;
			children = (
				A2A84B0D1F95202500C579A2 /* CustomTableViewCell.swift */,
				A2A84B0E1F95202500C579A2 /* CustomTableViewCell.xib */,
			);
			path = CustomCell;
			sourceTree = "<group>";
		};
		A2A84B0F1F95202500C579A2 /* Models */ = {
			isa = PBXGroup;
			children = (
				A2A84B101F95202500C579A2 /* Person.swift */,
			);
			path = Models;
			sourceTree = "<group>";
		};
/* End PBXGroup section */

/* Begin PBXNativeTarget section */
		A2A84AEA1F951E8400C579A2 /* RSSelectionMenuExample */ = {
			isa = PBXNativeTarget;
			buildConfigurationList = A2A84AFD1F951E8400C579A2 /* Build configuration list for PBXNativeTarget "RSSelectionMenuExample" */;
			buildPhases = (
				A2A84AE71F951E8400C579A2 /* Sources */,
				A2A84AE81F951E8400C579A2 /* Frameworks */,
				A2A84AE91F951E8400C579A2 /* Resources */,
				A2A84B031F951F6500C579A2 /* Embed Frameworks */,
			);
			buildRules = (
			);
			dependencies = (
			);
			name = RSSelectionMenuExample;
			productName = RSSelectionMenuExample;
			productReference = A2A84AEB1F951E8400C579A2 /* RSSelectionMenuExample.app */;
			productType = "com.apple.product-type.application";
		};
/* End PBXNativeTarget section */

/* Begin PBXProject section */
		A2A84AE31F951E8400C579A2 /* Project object */ = {
			isa = PBXProject;
			attributes = {
				LastSwiftUpdateCheck = 0830;
				LastUpgradeCheck = 0830;
				ORGANIZATIONNAME = "Rushi Sangani";
				TargetAttributes = {
					A2A84AEA1F951E8400C579A2 = {
						CreatedOnToolsVersion = 8.3.3;
						DevelopmentTeam = M9KRH522ST;
						ProvisioningStyle = Automatic;
					};
				};
			};
			buildConfigurationList = A2A84AE61F951E8400C579A2 /* Build configuration list for PBXProject "RSSelectionMenuExample" */;
			compatibilityVersion = "Xcode 3.2";
			developmentRegion = English;
			hasScannedForEncodings = 0;
			knownRegions = (
				en,
				Base,
			);
			mainGroup = A2A84AE21F951E8400C579A2;
			productRefGroup = A2A84AEC1F951E8400C579A2 /* Products */;
			projectDirPath = "";
			projectRoot = "";
			targets = (
				A2A84AEA1F951E8400C579A2 /* RSSelectionMenuExample */,
			);
		};
/* End PBXProject section */

/* Begin PBXResourcesBuildPhase section */
		A2A84AE91F951E8400C579A2 /* Resources */ = {
			isa = PBXResourcesBuildPhase;
			buildActionMask = 2147483647;
			files = (
				A2A84AF91F951E8400C579A2 /* LaunchScreen.storyboard in Resources */,
				A2A84AF61F951E8400C579A2 /* Assets.xcassets in Resources */,
				A2A84B121F95202500C579A2 /* CustomTableViewCell.xib in Resources */,
				A2A84AF41F951E8400C579A2 /* Main.storyboard in Resources */,
			);
			runOnlyForDeploymentPostprocessing = 0;
		};
/* End PBXResourcesBuildPhase section */

/* Begin PBXSourcesBuildPhase section */
		A2A84AE71F951E8400C579A2 /* Sources */ = {
			isa = PBXSourcesBuildPhase;
			buildActionMask = 2147483647;
			files = (
				A2A84B111F95202500C579A2 /* CustomTableViewCell.swift in Sources */,
				A2A84AF11F951E8400C579A2 /* ViewController.swift in Sources */,
				A2A84B131F95202500C579A2 /* Person.swift in Sources */,
				A2A84AEF1F951E8400C579A2 /* AppDelegate.swift in Sources */,
			);
			runOnlyForDeploymentPostprocessing = 0;
		};
/* End PBXSourcesBuildPhase section */

/* Begin PBXVariantGroup section */
		A2A84AF21F951E8400C579A2 /* Main.storyboard */ = {
			isa = PBXVariantGroup;
			children = (
				A2A84AF31F951E8400C579A2 /* Base */,
			);
			name = Main.storyboard;
			sourceTree = "<group>";
		};
		A2A84AF71F951E8400C579A2 /* LaunchScreen.storyboard */ = {
			isa = PBXVariantGroup;
			children = (
				A2A84AF81F951E8400C579A2 /* Base */,
			);
			name = LaunchScreen.storyboard;
			sourceTree = "<group>";
		};
/* End PBXVariantGroup section */

/* Begin XCBuildConfiguration section */
		A2A84AFB1F951E8400C579A2 /* Debug */ = {
			isa = XCBuildConfiguration;
			buildSettings = {
				ALWAYS_SEARCH_USER_PATHS = NO;
				CLANG_ANALYZER_NONNULL = YES;
				CLANG_ANALYZER_NUMBER_OBJECT_CONVERSION = YES_AGGRESSIVE;
				CLANG_CXX_LANGUAGE_STANDARD = "gnu++0x";
				CLANG_CXX_LIBRARY = "libc++";
				CLANG_ENABLE_MODULES = YES;
				CLANG_ENABLE_OBJC_ARC = YES;
				CLANG_WARN_BOOL_CONVERSION = YES;
				CLANG_WARN_CONSTANT_CONVERSION = YES;
				CLANG_WARN_DIRECT_OBJC_ISA_USAGE = YES_ERROR;
				CLANG_WARN_DOCUMENTATION_COMMENTS = YES;
				CLANG_WARN_EMPTY_BODY = YES;
				CLANG_WARN_ENUM_CONVERSION = YES;
				CLANG_WARN_INFINITE_RECURSION = YES;
				CLANG_WARN_INT_CONVERSION = YES;
				CLANG_WARN_OBJC_ROOT_CLASS = YES_ERROR;
				CLANG_WARN_SUSPICIOUS_MOVE = YES;
				CLANG_WARN_UNREACHABLE_CODE = YES;
				CLANG_WARN__DUPLICATE_METHOD_MATCH = YES;
				"CODE_SIGN_IDENTITY[sdk=iphoneos*]" = "iPhone Developer";
				COPY_PHASE_STRIP = NO;
				DEBUG_INFORMATION_FORMAT = dwarf;
				ENABLE_STRICT_OBJC_MSGSEND = YES;
				ENABLE_TESTABILITY = YES;
				GCC_C_LANGUAGE_STANDARD = gnu99;
				GCC_DYNAMIC_NO_PIC = NO;
				GCC_NO_COMMON_BLOCKS = YES;
				GCC_OPTIMIZATION_LEVEL = 0;
				GCC_PREPROCESSOR_DEFINITIONS = (
					"DEBUG=1",
					"$(inherited)",
				);
				GCC_WARN_64_TO_32_BIT_CONVERSION = YES;
				GCC_WARN_ABOUT_RETURN_TYPE = YES_ERROR;
				GCC_WARN_UNDECLARED_SELECTOR = YES;
				GCC_WARN_UNINITIALIZED_AUTOS = YES_AGGRESSIVE;
				GCC_WARN_UNUSED_FUNCTION = YES;
				GCC_WARN_UNUSED_VARIABLE = YES;
				IPHONEOS_DEPLOYMENT_TARGET = 10.3;
				MTL_ENABLE_DEBUG_INFO = YES;
				ONLY_ACTIVE_ARCH = YES;
				SDKROOT = iphoneos;
				SWIFT_ACTIVE_COMPILATION_CONDITIONS = DEBUG;
				SWIFT_OPTIMIZATION_LEVEL = "-Onone";
				TARGETED_DEVICE_FAMILY = "1,2";
			};
			name = Debug;
		};
		A2A84AFC1F951E8400C579A2 /* Release */ = {
			isa = XCBuildConfiguration;
			buildSettings = {
				ALWAYS_SEARCH_USER_PATHS = NO;
				CLANG_ANALYZER_NONNULL = YES;
				CLANG_ANALYZER_NUMBER_OBJECT_CONVERSION = YES_AGGRESSIVE;
				CLANG_CXX_LANGUAGE_STANDARD = "gnu++0x";
				CLANG_CXX_LIBRARY = "libc++";
				CLANG_ENABLE_MODULES = YES;
				CLANG_ENABLE_OBJC_ARC = YES;
				CLANG_WARN_BOOL_CONVERSION = YES;
				CLANG_WARN_CONSTANT_CONVERSION = YES;
				CLANG_WARN_DIRECT_OBJC_ISA_USAGE = YES_ERROR;
				CLANG_WARN_DOCUMENTATION_COMMENTS = YES;
				CLANG_WARN_EMPTY_BODY = YES;
				CLANG_WARN_ENUM_CONVERSION = YES;
				CLANG_WARN_INFINITE_RECURSION = YES;
				CLANG_WARN_INT_CONVERSION = YES;
				CLANG_WARN_OBJC_ROOT_CLASS = YES_ERROR;
				CLANG_WARN_SUSPICIOUS_MOVE = YES;
				CLANG_WARN_UNREACHABLE_CODE = YES;
				CLANG_WARN__DUPLICATE_METHOD_MATCH = YES;
				"CODE_SIGN_IDENTITY[sdk=iphoneos*]" = "iPhone Developer";
				COPY_PHASE_STRIP = NO;
				DEBUG_INFORMATION_FORMAT = "dwarf-with-dsym";
				ENABLE_NS_ASSERTIONS = NO;
				ENABLE_STRICT_OBJC_MSGSEND = YES;
				GCC_C_LANGUAGE_STANDARD = gnu99;
				GCC_NO_COMMON_BLOCKS = YES;
				GCC_WARN_64_TO_32_BIT_CONVERSION = YES;
				GCC_WARN_ABOUT_RETURN_TYPE = YES_ERROR;
				GCC_WARN_UNDECLARED_SELECTOR = YES;
				GCC_WARN_UNINITIALIZED_AUTOS = YES_AGGRESSIVE;
				GCC_WARN_UNUSED_FUNCTION = YES;
				GCC_WARN_UNUSED_VARIABLE = YES;
				IPHONEOS_DEPLOYMENT_TARGET = 10.3;
				MTL_ENABLE_DEBUG_INFO = NO;
				SDKROOT = iphoneos;
				SWIFT_OPTIMIZATION_LEVEL = "-Owholemodule";
				TARGETED_DEVICE_FAMILY = "1,2";
				VALIDATE_PRODUCT = YES;
			};
			name = Release;
		};
		A2A84AFE1F951E8400C579A2 /* Debug */ = {
			isa = XCBuildConfiguration;
			buildSettings = {
				ASSETCATALOG_COMPILER_APPICON_NAME = AppIcon;
				DEVELOPMENT_TEAM = M9KRH522ST;
				INFOPLIST_FILE = RSSelectionMenuExample/Info.plist;
				LD_RUNPATH_SEARCH_PATHS = "$(inherited) @executable_path/Frameworks";
				PRODUCT_BUNDLE_IDENTIFIER = com.rushi.RSSelectionMenuExample;
				PRODUCT_NAME = "$(TARGET_NAME)";
				SWIFT_VERSION = 3.0;
			};
			name = Debug;
		};
		A2A84AFF1F951E8400C579A2 /* Release */ = {
			isa = XCBuildConfiguration;
			buildSettings = {
				ASSETCATALOG_COMPILER_APPICON_NAME = AppIcon;
				DEVELOPMENT_TEAM = M9KRH522ST;
				INFOPLIST_FILE = RSSelectionMenuExample/Info.plist;
				LD_RUNPATH_SEARCH_PATHS = "$(inherited) @executable_path/Frameworks";
				PRODUCT_BUNDLE_IDENTIFIER = com.rushi.RSSelectionMenuExample;
				PRODUCT_NAME = "$(TARGET_NAME)";
				SWIFT_VERSION = 3.0;
			};
			name = Release;
		};
/* End XCBuildConfiguration section */

/* Begin XCConfigurationList section */
		A2A84AE61F951E8400C579A2 /* Build configuration list for PBXProject "RSSelectionMenuExample" */ = {
			isa = XCConfigurationList;
			buildConfigurations = (
				A2A84AFB1F951E8400C579A2 /* Debug */,
				A2A84AFC1F951E8400C579A2 /* Release */,
			);
			defaultConfigurationIsVisible = 0;
			defaultConfigurationName = Release;
		};
		A2A84AFD1F951E8400C579A2 /* Build configuration list for PBXNativeTarget "RSSelectionMenuExample" */ = {
			isa = XCConfigurationList;
			buildConfigurations = (
				A2A84AFE1F951E8400C579A2 /* Debug */,
				A2A84AFF1F951E8400C579A2 /* Release */,
			);
			defaultConfigurationIsVisible = 0;
			defaultConfigurationName = Release;
		};
/* End XCConfigurationList section */
	};
	rootObject = A2A84AE31F951E8400C579A2 /* Project object */;
}
